// !$*UTF8*$!
{
	archiveVersion = 1;
	classes = {
	};
	objectVersion = 77;
	objects = {

/* Begin PBXContainerItemProxy section */
		183531552DA8CBE8000E2AB3 /* PBXContainerItemProxy */ = {
			isa = PBXContainerItemProxy;
			containerPortal = 1835313F2DA8CBE6000E2AB3 /* Project object */;
			proxyType = 1;
			remoteGlobalIDString = 183531462DA8CBE6000E2AB3;
			remoteInfo = 4th_hw_ChiYehyuck;
		};
		1835315F2DA8CBE9000E2AB3 /* PBXContainerItemProxy */ = {
			isa = PBXContainerItemProxy;
			containerPortal = 1835313F2DA8CBE6000E2AB3 /* Project object */;
			proxyType = 1;
			remoteGlobalIDString = 183531462DA8CBE6000E2AB3;
			remoteInfo = 4th_hw_ChiYehyuck;
		};
/* End PBXContainerItemProxy section */

/* Begin PBXFileReference section */
		183531472DA8CBE6000E2AB3 /* 4th_hw_ChiYehyuck.app */ = {isa = PBXFileReference; explicitFileType = wrapper.application; includeInIndex = 0; path = 4th_hw_ChiYehyuck.app; sourceTree = BUILT_PRODUCTS_DIR; };
		183531542DA8CBE8000E2AB3 /* 4th_hw_ChiYehyuckTests.xctest */ = {isa = PBXFileReference; explicitFileType = wrapper.cfbundle; includeInIndex = 0; path = 4th_hw_ChiYehyuckTests.xctest; sourceTree = BUILT_PRODUCTS_DIR; };
		1835315E2DA8CBE9000E2AB3 /* 4th_hw_ChiYehyuckUITests.xctest */ = {isa = PBXFileReference; explicitFileType = wrapper.cfbundle; includeInIndex = 0; path = 4th_hw_ChiYehyuckUITests.xctest; sourceTree = BUILT_PRODUCTS_DIR; };
/* End PBXFileReference section */

/* Begin PBXFileSystemSynchronizedRootGroup section */
		183531492DA8CBE6000E2AB3 /* 4th_hw_ChiYehyuck */ = {
			isa = PBXFileSystemSynchronizedRootGroup;
			path = 4th_hw_ChiYehyuck;
			sourceTree = "<group>";
		};
		183531572DA8CBE8000E2AB3 /* 4th_hw_ChiYehyuckTests */ = {
			isa = PBXFileSystemSynchronizedRootGroup;
			path = 4th_hw_ChiYehyuckTests;
			sourceTree = "<group>";
		};
		183531612DA8CBE9000E2AB3 /* 4th_hw_ChiYehyuckUITests */ = {
			isa = PBXFileSystemSynchronizedRootGroup;
			path = 4th_hw_ChiYehyuckUITests;
			sourceTree = "<group>";
		};
/* End PBXFileSystemSynchronizedRootGroup section */

/* Begin PBXFrameworksBuildPhase section */
		183531442DA8CBE6000E2AB3 /* Frameworks */ = {
			isa = PBXFrameworksBuildPhase;
			buildActionMask = 2147483647;
			files = (
			);
			runOnlyForDeploymentPostprocessing = 0;
		};
		183531512DA8CBE8000E2AB3 /* Frameworks */ = {
			isa = PBXFrameworksBuildPhase;
			buildActionMask = 2147483647;
			files = (
			);
			runOnlyForDeploymentPostprocessing = 0;
		};
		1835315B2DA8CBE9000E2AB3 /* Frameworks */ = {
			isa = PBXFrameworksBuildPhase;
			buildActionMask = 2147483647;
			files = (
			);
			runOnlyForDeploymentPostprocessing = 0;
		};
/* End PBXFrameworksBuildPhase section */

/* Begin PBXGroup section */
		1835313E2DA8CBE6000E2AB3 = {
			isa = PBXGroup;
			children = (
				183531492DA8CBE6000E2AB3 /* 4th_hw_ChiYehyuck */,
				183531572DA8CBE8000E2AB3 /* 4th_hw_ChiYehyuckTests */,
				183531612DA8CBE9000E2AB3 /* 4th_hw_ChiYehyuckUITests */,
				183531482DA8CBE6000E2AB3 /* Products */,
			);
			sourceTree = "<group>";
		};
		183531482DA8CBE6000E2AB3 /* Products */ = {
			isa = PBXGroup;
			children = (
				183531472DA8CBE6000E2AB3 /* 4th_hw_ChiYehyuck.app */,
				183531542DA8CBE8000E2AB3 /* 4th_hw_ChiYehyuckTests.xctest */,
				1835315E2DA8CBE9000E2AB3 /* 4th_hw_ChiYehyuckUITests.xctest */,
			);
			name = Products;
			sourceTree = "<group>";
		};
/* End PBXGroup section */

/* Begin PBXNativeTarget section */
		183531462DA8CBE6000E2AB3 /* 4th_hw_ChiYehyuck */ = {
			isa = PBXNativeTarget;
			buildConfigurationList = 183531682DA8CBE9000E2AB3 /* Build configuration list for PBXNativeTarget "4th_hw_ChiYehyuck" */;
			buildPhases = (
				183531432DA8CBE6000E2AB3 /* Sources */,
				183531442DA8CBE6000E2AB3 /* Frameworks */,
				183531452DA8CBE6000E2AB3 /* Resources */,
			);
			buildRules = (
			);
			dependencies = (
			);
			fileSystemSynchronizedGroups = (
				183531492DA8CBE6000E2AB3 /* 4th_hw_ChiYehyuck */,
			);
			name = 4th_hw_ChiYehyuck;
			packageProductDependencies = (
			);
			productName = 4th_hw_ChiYehyuck;
			productReference = 183531472DA8CBE6000E2AB3 /* 4th_hw_ChiYehyuck.app */;
			productType = "com.apple.product-type.application";
		};
		183531532DA8CBE8000E2AB3 /* 4th_hw_ChiYehyuckTests */ = {
			isa = PBXNativeTarget;
			buildConfigurationList = 1835316B2DA8CBE9000E2AB3 /* Build configuration list for PBXNativeTarget "4th_hw_ChiYehyuckTests" */;
			buildPhases = (
				183531502DA8CBE8000E2AB3 /* Sources */,
				183531512DA8CBE8000E2AB3 /* Frameworks */,
				183531522DA8CBE8000E2AB3 /* Resources */,
			);
			buildRules = (
			);
			dependencies = (
				183531562DA8CBE8000E2AB3 /* PBXTargetDependency */,
			);
			fileSystemSynchronizedGroups = (
				183531572DA8CBE8000E2AB3 /* 4th_hw_ChiYehyuckTests */,
			);
			name = 4th_hw_ChiYehyuckTests;
			packageProductDependencies = (
			);
			productName = 4th_hw_ChiYehyuckTests;
			productReference = 183531542DA8CBE8000E2AB3 /* 4th_hw_ChiYehyuckTests.xctest */;
			productType = "com.apple.product-type.bundle.unit-test";
		};
		1835315D2DA8CBE9000E2AB3 /* 4th_hw_ChiYehyuckUITests */ = {
			isa = PBXNativeTarget;
			buildConfigurationList = 1835316E2DA8CBE9000E2AB3 /* Build configuration list for PBXNativeTarget "4th_hw_ChiYehyuckUITests" */;
			buildPhases = (
				1835315A2DA8CBE9000E2AB3 /* Sources */,
				1835315B2DA8CBE9000E2AB3 /* Frameworks */,
				1835315C2DA8CBE9000E2AB3 /* Resources */,
			);
			buildRules = (
			);
			dependencies = (
				183531602DA8CBE9000E2AB3 /* PBXTargetDependency */,
			);
			fileSystemSynchronizedGroups = (
				183531612DA8CBE9000E2AB3 /* 4th_hw_ChiYehyuckUITests */,
			);
			name = 4th_hw_ChiYehyuckUITests;
			packageProductDependencies = (
			);
			productName = 4th_hw_ChiYehyuckUITests;
			productReference = 1835315E2DA8CBE9000E2AB3 /* 4th_hw_ChiYehyuckUITests.xctest */;
			productType = "com.apple.product-type.bundle.ui-testing";
		};
/* End PBXNativeTarget section */

/* Begin PBXProject section */
		1835313F2DA8CBE6000E2AB3 /* Project object */ = {
			isa = PBXProject;
			attributes = {
				BuildIndependentTargetsInParallel = 1;
				LastSwiftUpdateCheck = 1630;
				LastUpgradeCheck = 1630;
				TargetAttributes = {
					183531462DA8CBE6000E2AB3 = {
						CreatedOnToolsVersion = 16.3;
					};
					183531532DA8CBE8000E2AB3 = {
						CreatedOnToolsVersion = 16.3;
						TestTargetID = 183531462DA8CBE6000E2AB3;
					};
					1835315D2DA8CBE9000E2AB3 = {
						CreatedOnToolsVersion = 16.3;
						TestTargetID = 183531462DA8CBE6000E2AB3;
					};
				};
			};
			buildConfigurationList = 183531422DA8CBE6000E2AB3 /* Build configuration list for PBXProject "4th_hw_ChiYehyuck" */;
			developmentRegion = en;
			hasScannedForEncodings = 0;
			knownRegions = (
				en,
				Base,
			);
			mainGroup = 1835313E2DA8CBE6000E2AB3;
			minimizedProjectReferenceProxies = 1;
			preferredProjectObjectVersion = 77;
			productRefGroup = 183531482DA8CBE6000E2AB3 /* Products */;
			projectDirPath = "";
			projectRoot = "";
			targets = (
				183531462DA8CBE6000E2AB3 /* 4th_hw_ChiYehyuck */,
				183531532DA8CBE8000E2AB3 /* 4th_hw_ChiYehyuckTests */,
				1835315D2DA8CBE9000E2AB3 /* 4th_hw_ChiYehyuckUITests */,
			);
		};
/* End PBXProject section */

/* Begin PBXResourcesBuildPhase section */
		183531452DA8CBE6000E2AB3 /* Resources */ = {
			isa = PBXResourcesBuildPhase;
			buildActionMask = 2147483647;
			files = (
			);
			runOnlyForDeploymentPostprocessing = 0;
		};
		183531522DA8CBE8000E2AB3 /* Resources */ = {
			isa = PBXResourcesBuildPhase;
			buildActionMask = 2147483647;
			files = (
			);
			runOnlyForDeploymentPostprocessing = 0;
		};
		1835315C2DA8CBE9000E2AB3 /* Resources */ = {
			isa = PBXResourcesBuildPhase;
			buildActionMask = 2147483647;
			files = (
			);
			runOnlyForDeploymentPostprocessing = 0;
		};
/* End PBXResourcesBuildPhase section */

/* Begin PBXSourcesBuildPhase section */
		183531432DA8CBE6000E2AB3 /* Sources */ = {
			isa = PBXSourcesBuildPhase;
			buildActionMask = 2147483647;
			files = (
			);
			runOnlyForDeploymentPostprocessing = 0;
		};
		183531502DA8CBE8000E2AB3 /* Sources */ = {
			isa = PBXSourcesBuildPhase;
			buildActionMask = 2147483647;
			files = (
			);
			runOnlyForDeploymentPostprocessing = 0;
		};
		1835315A2DA8CBE9000E2AB3 /* Sources */ = {
			isa = PBXSourcesBuildPhase;
			buildActionMask = 2147483647;
			files = (
			);
			runOnlyForDeploymentPostprocessing = 0;
		};
/* End PBXSourcesBuildPhase section */

/* Begin PBXTargetDependency section */
		183531562DA8CBE8000E2AB3 /* PBXTargetDependency */ = {
			isa = PBXTargetDependency;
			target = 183531462DA8CBE6000E2AB3 /* 4th_hw_ChiYehyuck */;
			targetProxy = 183531552DA8CBE8000E2AB3 /* PBXContainerItemProxy */;
		};
		183531602DA8CBE9000E2AB3 /* PBXTargetDependency */ = {
			isa = PBXTargetDependency;
			target = 183531462DA8CBE6000E2AB3 /* 4th_hw_ChiYehyuck */;
			targetProxy = 1835315F2DA8CBE9000E2AB3 /* PBXContainerItemProxy */;
		};
/* End PBXTargetDependency section */

/* Begin XCBuildConfiguration section */
		183531662DA8CBE9000E2AB3 /* Debug */ = {
			isa = XCBuildConfiguration;
			buildSettings = {
				ALWAYS_SEARCH_USER_PATHS = NO;
				ASSETCATALOG_COMPILER_GENERATE_SWIFT_ASSET_SYMBOL_EXTENSIONS = YES;
				CLANG_ANALYZER_NONNULL = YES;
				CLANG_ANALYZER_NUMBER_OBJECT_CONVERSION = YES_AGGRESSIVE;
				CLANG_CXX_LANGUAGE_STANDARD = "gnu++20";
				CLANG_ENABLE_MODULES = YES;
				CLANG_ENABLE_OBJC_ARC = YES;
				CLANG_ENABLE_OBJC_WEAK = YES;
				CLANG_WARN_BLOCK_CAPTURE_AUTORELEASING = YES;
				CLANG_WARN_BOOL_CONVERSION = YES;
				CLANG_WARN_COMMA = YES;
				CLANG_WARN_CONSTANT_CONVERSION = YES;
				CLANG_WARN_DEPRECATED_OBJC_IMPLEMENTATIONS = YES;
				CLANG_WARN_DIRECT_OBJC_ISA_USAGE = YES_ERROR;
				CLANG_WARN_DOCUMENTATION_COMMENTS = YES;
				CLANG_WARN_EMPTY_BODY = YES;
				CLANG_WARN_ENUM_CONVERSION = YES;
				CLANG_WARN_INFINITE_RECURSION = YES;
				CLANG_WARN_INT_CONVERSION = YES;
				CLANG_WARN_NON_LITERAL_NULL_CONVERSION = YES;
				CLANG_WARN_OBJC_IMPLICIT_RETAIN_SELF = YES;
				CLANG_WARN_OBJC_LITERAL_CONVERSION = YES;
				CLANG_WARN_OBJC_ROOT_CLASS = YES_ERROR;
				CLANG_WARN_QUOTED_INCLUDE_IN_FRAMEWORK_HEADER = YES;
				CLANG_WARN_RANGE_LOOP_ANALYSIS = YES;
				CLANG_WARN_STRICT_PROTOTYPES = YES;
				CLANG_WARN_SUSPICIOUS_MOVE = YES;
				CLANG_WARN_UNGUARDED_AVAILABILITY = YES_AGGRESSIVE;
				CLANG_WARN_UNREACHABLE_CODE = YES;
				CLANG_WARN__DUPLICATE_METHOD_MATCH = YES;
				COPY_PHASE_STRIP = NO;
				DEBUG_INFORMATION_FORMAT = dwarf;
				DEVELOPMENT_TEAM = 59PXQ6F8CX;
				ENABLE_STRICT_OBJC_MSGSEND = YES;
				ENABLE_TESTABILITY = YES;
				ENABLE_USER_SCRIPT_SANDBOXING = YES;
				GCC_C_LANGUAGE_STANDARD = gnu17;
				GCC_DYNAMIC_NO_PIC = NO;
				GCC_NO_COMMON_BLOCKS = YES;
				GCC_OPTIMIZATION_LEVEL = 0;
				GCC_PREPROCESSOR_DEFINITIONS = (
					"DEBUG=1",
					"$(inherited)",
				);
				GCC_WARN_64_TO_32_BIT_CONVERSION = YES;
				GCC_WARN_ABOUT_RETURN_TYPE = YES_ERROR;
				GCC_WARN_UNDECLARED_SELECTOR = YES;
				GCC_WARN_UNINITIALIZED_AUTOS = YES_AGGRESSIVE;
				GCC_WARN_UNUSED_FUNCTION = YES;
				GCC_WARN_UNUSED_VARIABLE = YES;
				IPHONEOS_DEPLOYMENT_TARGET = 18.4;
				LOCALIZATION_PREFERS_STRING_CATALOGS = YES;
				MTL_ENABLE_DEBUG_INFO = INCLUDE_SOURCE;
				MTL_FAST_MATH = YES;
				ONLY_ACTIVE_ARCH = YES;
				SDKROOT = iphoneos;
				SWIFT_ACTIVE_COMPILATION_CONDITIONS = "DEBUG $(inherited)";
				SWIFT_OPTIMIZATION_LEVEL = "-Onone";
			};
			name = Debug;
		};
		183531672DA8CBE9000E2AB3 /* Release */ = {
			isa = XCBuildConfiguration;
			buildSettings = {
				ALWAYS_SEARCH_USER_PATHS = NO;
				ASSETCATALOG_COMPILER_GENERATE_SWIFT_ASSET_SYMBOL_EXTENSIONS = YES;
				CLANG_ANALYZER_NONNULL = YES;
				CLANG_ANALYZER_NUMBER_OBJECT_CONVERSION = YES_AGGRESSIVE;
				CLANG_CXX_LANGUAGE_STANDARD = "gnu++20";
				CLANG_ENABLE_MODULES = YES;
				CLANG_ENABLE_OBJC_ARC = YES;
				CLANG_ENABLE_OBJC_WEAK = YES;
				CLANG_WARN_BLOCK_CAPTURE_AUTORELEASING = YES;
				CLANG_WARN_BOOL_CONVERSION = YES;
				CLANG_WARN_COMMA = YES;
				CLANG_WARN_CONSTANT_CONVERSION = YES;
				CLANG_WARN_DEPRECATED_OBJC_IMPLEMENTATIONS = YES;
				CLANG_WARN_DIRECT_OBJC_ISA_USAGE = YES_ERROR;
				CLANG_WARN_DOCUMENTATION_COMMENTS = YES;
				CLANG_WARN_EMPTY_BODY = YES;
				CLANG_WARN_ENUM_CONVERSION = YES;
				CLANG_WARN_INFINITE_RECURSION = YES;
				CLANG_WARN_INT_CONVERSION = YES;
				CLANG_WARN_NON_LITERAL_NULL_CONVERSION = YES;
				CLANG_WARN_OBJC_IMPLICIT_RETAIN_SELF = YES;
				CLANG_WARN_OBJC_LITERAL_CONVERSION = YES;
				CLANG_WARN_OBJC_ROOT_CLASS = YES_ERROR;
				CLANG_WARN_QUOTED_INCLUDE_IN_FRAMEWORK_HEADER = YES;
				CLANG_WARN_RANGE_LOOP_ANALYSIS = YES;
				CLANG_WARN_STRICT_PROTOTYPES = YES;
				CLANG_WARN_SUSPICIOUS_MOVE = YES;
				CLANG_WARN_UNGUARDED_AVAILABILITY = YES_AGGRESSIVE;
				CLANG_WARN_UNREACHABLE_CODE = YES;
				CLANG_WARN__DUPLICATE_METHOD_MATCH = YES;
				COPY_PHASE_STRIP = NO;
				DEBUG_INFORMATION_FORMAT = "dwarf-with-dsym";
				DEVELOPMENT_TEAM = 59PXQ6F8CX;
				ENABLE_NS_ASSERTIONS = NO;
				ENABLE_STRICT_OBJC_MSGSEND = YES;
				ENABLE_USER_SCRIPT_SANDBOXING = YES;
				GCC_C_LANGUAGE_STANDARD = gnu17;
				GCC_NO_COMMON_BLOCKS = YES;
				GCC_WARN_64_TO_32_BIT_CONVERSION = YES;
				GCC_WARN_ABOUT_RETURN_TYPE = YES_ERROR;
				GCC_WARN_UNDECLARED_SELECTOR = YES;
				GCC_WARN_UNINITIALIZED_AUTOS = YES_AGGRESSIVE;
				GCC_WARN_UNUSED_FUNCTION = YES;
				GCC_WARN_UNUSED_VARIABLE = YES;
				IPHONEOS_DEPLOYMENT_TARGET = 18.4;
				LOCALIZATION_PREFERS_STRING_CATALOGS = YES;
				MTL_ENABLE_DEBUG_INFO = NO;
				MTL_FAST_MATH = YES;
				SDKROOT = iphoneos;
				SWIFT_COMPILATION_MODE = wholemodule;
				VALIDATE_PRODUCT = YES;
			};
			name = Release;
		};
		183531692DA8CBE9000E2AB3 /* Debug */ = {
			isa = XCBuildConfiguration;
			buildSettings = {
				ASSETCATALOG_COMPILER_APPICON_NAME = AppIcon;
				ASSETCATALOG_COMPILER_GLOBAL_ACCENT_COLOR_NAME = AccentColor;
				CODE_SIGN_STYLE = Automatic;
				CURRENT_PROJECT_VERSION = 1;
				DEVELOPMENT_TEAM = 59PXQ6F8CX;
				ENABLE_PREVIEWS = YES;
				GENERATE_INFOPLIST_FILE = YES;
				INFOPLIST_KEY_UIApplicationSceneManifest_Generation = YES;
				INFOPLIST_KEY_UIApplicationSupportsIndirectInputEvents = YES;
				INFOPLIST_KEY_UILaunchScreen_Generation = YES;
				INFOPLIST_KEY_UISupportedInterfaceOrientations_iPad = "UIInterfaceOrientationPortrait UIInterfaceOrientationPortraitUpsideDown UIInterfaceOrientationLandscapeLeft UIInterfaceOrientationLandscapeRight";
				INFOPLIST_KEY_UISupportedInterfaceOrientations_iPhone = "UIInterfaceOrientationPortrait UIInterfaceOrientationLandscapeLeft UIInterfaceOrientationLandscapeRight";
				LD_RUNPATH_SEARCH_PATHS = (
					"$(inherited)",
					"@executable_path/Frameworks",
				);
				MARKETING_VERSION = 1.0;
				PRODUCT_BUNDLE_IDENTIFIER = "chixv.-th-hw-ChiYehyuck";
				PRODUCT_NAME = "$(TARGET_NAME)";
				SWIFT_EMIT_LOC_STRINGS = YES;
				SWIFT_VERSION = 5.0;
				TARGETED_DEVICE_FAMILY = "1,2";
			};
			name = Debug;
		};
		1835316A2DA8CBE9000E2AB3 /* Release */ = {
			isa = XCBuildConfiguration;
			buildSettings = {
				ASSETCATALOG_COMPILER_APPICON_NAME = AppIcon;
				ASSETCATALOG_COMPILER_GLOBAL_ACCENT_COLOR_NAME = AccentColor;
				CODE_SIGN_STYLE = Automatic;
				CURRENT_PROJECT_VERSION = 1;
				DEVELOPMENT_TEAM = 59PXQ6F8CX;
				ENABLE_PREVIEWS = YES;
				GENERATE_INFOPLIST_FILE = YES;
				INFOPLIST_KEY_UIApplicationSceneManifest_Generation = YES;
				INFOPLIST_KEY_UIApplicationSupportsIndirectInputEvents = YES;
				INFOPLIST_KEY_UILaunchScreen_Generation = YES;
				INFOPLIST_KEY_UISupportedInterfaceOrientations_iPad = "UIInterfaceOrientationPortrait UIInterfaceOrientationPortraitUpsideDown UIInterfaceOrientationLandscapeLeft UIInterfaceOrientationLandscapeRight";
				INFOPLIST_KEY_UISupportedInterfaceOrientations_iPhone = "UIInterfaceOrientationPortrait UIInterfaceOrientationLandscapeLeft UIInterfaceOrientationLandscapeRight";
				LD_RUNPATH_SEARCH_PATHS = (
					"$(inherited)",
					"@executable_path/Frameworks",
				);
				MARKETING_VERSION = 1.0;
				PRODUCT_BUNDLE_IDENTIFIER = "chixv.-th-hw-ChiYehyuck";
				PRODUCT_NAME = "$(TARGET_NAME)";
				SWIFT_EMIT_LOC_STRINGS = YES;
				SWIFT_VERSION = 5.0;
				TARGETED_DEVICE_FAMILY = "1,2";
			};
			name = Release;
		};
		1835316C2DA8CBE9000E2AB3 /* Debug */ = {
			isa = XCBuildConfiguration;
			buildSettings = {
				BUNDLE_LOADER = "$(TEST_HOST)";
				CODE_SIGN_STYLE = Automatic;
				CURRENT_PROJECT_VERSION = 1;
				DEVELOPMENT_TEAM = 59PXQ6F8CX;
				GENERATE_INFOPLIST_FILE = YES;
				IPHONEOS_DEPLOYMENT_TARGET = 18.4;
				MARKETING_VERSION = 1.0;
				PRODUCT_BUNDLE_IDENTIFIER = "chixv.-th-hw-ChiYehyuckTests";
				PRODUCT_NAME = "$(TARGET_NAME)";
				SWIFT_EMIT_LOC_STRINGS = NO;
				SWIFT_VERSION = 5.0;
				TARGETED_DEVICE_FAMILY = "1,2";
				TEST_HOST = "$(BUILT_PRODUCTS_DIR)/4th_hw_ChiYehyuck.app/$(BUNDLE_EXECUTABLE_FOLDER_PATH)/4th_hw_ChiYehyuck";
			};
			name = Debug;
		};
		1835316D2DA8CBE9000E2AB3 /* Release */ = {
			isa = XCBuildConfiguration;
			buildSettings = {
				BUNDLE_LOADER = "$(TEST_HOST)";
				CODE_SIGN_STYLE = Automatic;
				CURRENT_PROJECT_VERSION = 1;
				DEVELOPMENT_TEAM = 59PXQ6F8CX;
				GENERATE_INFOPLIST_FILE = YES;
				IPHONEOS_DEPLOYMENT_TARGET = 18.4;
				MARKETING_VERSION = 1.0;
				PRODUCT_BUNDLE_IDENTIFIER = "chixv.-th-hw-ChiYehyuckTests";
				PRODUCT_NAME = "$(TARGET_NAME)";
				SWIFT_EMIT_LOC_STRINGS = NO;
				SWIFT_VERSION = 5.0;
				TARGETED_DEVICE_FAMILY = "1,2";
				TEST_HOST = "$(BUILT_PRODUCTS_DIR)/4th_hw_ChiYehyuck.app/$(BUNDLE_EXECUTABLE_FOLDER_PATH)/4th_hw_ChiYehyuck";
			};
			name = Release;
		};
		1835316F2DA8CBE9000E2AB3 /* Debug */ = {
			isa = XCBuildConfiguration;
			buildSettings = {
				CODE_SIGN_STYLE = Automatic;
				CURRENT_PROJECT_VERSION = 1;
				DEVELOPMENT_TEAM = 59PXQ6F8CX;
				GENERATE_INFOPLIST_FILE = YES;
				MARKETING_VERSION = 1.0;
				PRODUCT_BUNDLE_IDENTIFIER = "chixv.-th-hw-ChiYehyuckUITests";
				PRODUCT_NAME = "$(TARGET_NAME)";
				SWIFT_EMIT_LOC_STRINGS = NO;
				SWIFT_VERSION = 5.0;
				TARGETED_DEVICE_FAMILY = "1,2";
				TEST_TARGET_NAME = 4th_hw_ChiYehyuck;
			};
			name = Debug;
		};
		183531702DA8CBE9000E2AB3 /* Release */ = {
			isa = XCBuildConfiguration;
			buildSettings = {
				CODE_SIGN_STYLE = Automatic;
				CURRENT_PROJECT_VERSION = 1;
				DEVELOPMENT_TEAM = 59PXQ6F8CX;
				GENERATE_INFOPLIST_FILE = YES;
				MARKETING_VERSION = 1.0;
				PRODUCT_BUNDLE_IDENTIFIER = "chixv.-th-hw-ChiYehyuckUITests";
				PRODUCT_NAME = "$(TARGET_NAME)";
				SWIFT_EMIT_LOC_STRINGS = NO;
				SWIFT_VERSION = 5.0;
				TARGETED_DEVICE_FAMILY = "1,2";
				TEST_TARGET_NAME = 4th_hw_ChiYehyuck;
			};
			name = Release;
		};
/* End XCBuildConfiguration section */

/* Begin XCConfigurationList section */
		183531422DA8CBE6000E2AB3 /* Build configuration list for PBXProject "4th_hw_ChiYehyuck" */ = {
			isa = XCConfigurationList;
			buildConfigurations = (
				183531662DA8CBE9000E2AB3 /* Debug */,
				183531672DA8CBE9000E2AB3 /* Release */,
			);
			defaultConfigurationIsVisible = 0;
			defaultConfigurationName = Release;
		};
		183531682DA8CBE9000E2AB3 /* Build configuration list for PBXNativeTarget "4th_hw_ChiYehyuck" */ = {
			isa = XCConfigurationList;
			buildConfigurations = (
				183531692DA8CBE9000E2AB3 /* Debug */,
				1835316A2DA8CBE9000E2AB3 /* Release */,
			);
			defaultConfigurationIsVisible = 0;
			defaultConfigurationName = Release;
		};
		1835316B2DA8CBE9000E2AB3 /* Build configuration list for PBXNativeTarget "4th_hw_ChiYehyuckTests" */ = {
			isa = XCConfigurationList;
			buildConfigurations = (
				1835316C2DA8CBE9000E2AB3 /* Debug */,
				1835316D2DA8CBE9000E2AB3 /* Release */,
			);
			defaultConfigurationIsVisible = 0;
			defaultConfigurationName = Release;
		};
		1835316E2DA8CBE9000E2AB3 /* Build configuration list for PBXNativeTarget "4th_hw_ChiYehyuckUITests" */ = {
			isa = XCConfigurationList;
			buildConfigurations = (
				1835316F2DA8CBE9000E2AB3 /* Debug */,
				183531702DA8CBE9000E2AB3 /* Release */,
			);
			defaultConfigurationIsVisible = 0;
			defaultConfigurationName = Release;
		};
/* End XCConfigurationList section */
	};
	rootObject = 1835313F2DA8CBE6000E2AB3 /* Project object */;
}
